// !$*UTF8*$!
{
	archiveVersion = 1;
	classes = {
	};
	objectVersion = 46;
	objects = {

/* Begin PBXBuildFile section */
		E5F699AE1CCE098A00FBEAB1 /* AppDelegate.swift in Sources */ = {isa = PBXBuildFile; fileRef = E5F699AD1CCE098A00FBEAB1 /* AppDelegate.swift */; };
		E5F699B01CCE098A00FBEAB1 /* ViewController.swift in Sources */ = {isa = PBXBuildFile; fileRef = E5F699AF1CCE098A00FBEAB1 /* ViewController.swift */; };
		E5F699B31CCE098A00FBEAB1 /* Main.storyboard in Resources */ = {isa = PBXBuildFile; fileRef = E5F699B11CCE098A00FBEAB1 /* Main.storyboard */; };
		E5F699B51CCE098A00FBEAB1 /* Assets.xcassets in Resources */ = {isa = PBXBuildFile; fileRef = E5F699B41CCE098A00FBEAB1 /* Assets.xcassets */; };
		E5F699B81CCE098A00FBEAB1 /* LaunchScreen.storyboard in Resources */ = {isa = PBXBuildFile; fileRef = E5F699B61CCE098A00FBEAB1 /* LaunchScreen.storyboard */; };
		E5F699C31CCE098A00FBEAB1 /* PetPetTests.swift in Sources */ = {isa = PBXBuildFile; fileRef = E5F699C21CCE098A00FBEAB1 /* PetPetTests.swift */; };
		E5F699CE1CCE098A00FBEAB1 /* PetPetUITests.swift in Sources */ = {isa = PBXBuildFile; fileRef = E5F699CD1CCE098A00FBEAB1 /* PetPetUITests.swift */; };
/* End PBXBuildFile section */

/* Begin PBXContainerItemProxy section */
		E5F699BF1CCE098A00FBEAB1 /* PBXContainerItemProxy */ = {
			isa = PBXContainerItemProxy;
			containerPortal = E5F699A21CCE098A00FBEAB1 /* Project object */;
			proxyType = 1;
			remoteGlobalIDString = E5F699A91CCE098A00FBEAB1;
			remoteInfo = PetPet;
		};
		E5F699CA1CCE098A00FBEAB1 /* PBXContainerItemProxy */ = {
			isa = PBXContainerItemProxy;
			containerPortal = E5F699A21CCE098A00FBEAB1 /* Project object */;
			proxyType = 1;
			remoteGlobalIDString = E5F699A91CCE098A00FBEAB1;
			remoteInfo = PetPet;
		};
/* End PBXContainerItemProxy section */

/* Begin PBXFileReference section */
		E5F699AA1CCE098A00FBEAB1 /* PetPet.app */ = {isa = PBXFileReference; explicitFileType = wrapper.application; includeInIndex = 0; path = PetPet.app; sourceTree = BUILT_PRODUCTS_DIR; };
		E5F699AD1CCE098A00FBEAB1 /* AppDelegate.swift */ = {isa = PBXFileReference; lastKnownFileType = sourcecode.swift; path = AppDelegate.swift; sourceTree = "<group>"; };
		E5F699AF1CCE098A00FBEAB1 /* ViewController.swift */ = {isa = PBXFileReference; lastKnownFileType = sourcecode.swift; path = ViewController.swift; sourceTree = "<group>"; };
		E5F699B21CCE098A00FBEAB1 /* Base */ = {isa = PBXFileReference; lastKnownFileType = file.storyboard; name = Base; path = Base.lproj/Main.storyboard; sourceTree = "<group>"; };
		E5F699B41CCE098A00FBEAB1 /* Assets.xcassets */ = {isa = PBXFileReference; lastKnownFileType = folder.assetcatalog; path = Assets.xcassets; sourceTree = "<group>"; };
		E5F699B71CCE098A00FBEAB1 /* Base */ = {isa = PBXFileReference; lastKnownFileType = file.storyboard; name = Base; path = Base.lproj/LaunchScreen.storyboard; sourceTree = "<group>"; };
		E5F699B91CCE098A00FBEAB1 /* Info.plist */ = {isa = PBXFileReference; lastKnownFileType = text.plist.xml; path = Info.plist; sourceTree = "<group>"; };
		E5F699BE1CCE098A00FBEAB1 /* PetPetTests.xctest */ = {isa = PBXFileReference; explicitFileType = wrapper.cfbundle; includeInIndex = 0; path = PetPetTests.xctest; sourceTree = BUILT_PRODUCTS_DIR; };
		E5F699C21CCE098A00FBEAB1 /* PetPetTests.swift */ = {isa = PBXFileReference; lastKnownFileType = sourcecode.swift; path = PetPetTests.swift; sourceTree = "<group>"; };
		E5F699C41CCE098A00FBEAB1 /* Info.plist */ = {isa = PBXFileReference; lastKnownFileType = text.plist.xml; path = Info.plist; sourceTree = "<group>"; };
		E5F699C91CCE098A00FBEAB1 /* PetPetUITests.xctest */ = {isa = PBXFileReference; explicitFileType = wrapper.cfbundle; includeInIndex = 0; path = PetPetUITests.xctest; sourceTree = BUILT_PRODUCTS_DIR; };
		E5F699CD1CCE098A00FBEAB1 /* PetPetUITests.swift */ = {isa = PBXFileReference; lastKnownFileType = sourcecode.swift; path = PetPetUITests.swift; sourceTree = "<group>"; };
		E5F699CF1CCE098A00FBEAB1 /* Info.plist */ = {isa = PBXFileReference; lastKnownFileType = text.plist.xml; path = Info.plist; sourceTree = "<group>"; };
/* End PBXFileReference section */

/* Begin PBXFrameworksBuildPhase section */
		E5F699A71CCE098A00FBEAB1 /* Frameworks */ = {
			isa = PBXFrameworksBuildPhase;
			buildActionMask = 2147483647;
			files = (
			);
			runOnlyForDeploymentPostprocessing = 0;
		};
		E5F699BB1CCE098A00FBEAB1 /* Frameworks */ = {
			isa = PBXFrameworksBuildPhase;
			buildActionMask = 2147483647;
			files = (
			);
			runOnlyForDeploymentPostprocessing = 0;
		};
		E5F699C61CCE098A00FBEAB1 /* Frameworks */ = {
			isa = PBXFrameworksBuildPhase;
			buildActionMask = 2147483647;
			files = (
			);
			runOnlyForDeploymentPostprocessing = 0;
		};
/* End PBXFrameworksBuildPhase section */

/* Begin PBXGroup section */
		E5F699A11CCE098A00FBEAB1 = {
			isa = PBXGroup;
			children = (
				E5F699AC1CCE098A00FBEAB1 /* PetPet */,
				E5F699C11CCE098A00FBEAB1 /* PetPetTests */,
				E5F699CC1CCE098A00FBEAB1 /* PetPetUITests */,
				E5F699AB1CCE098A00FBEAB1 /* Products */,
			);
			sourceTree = "<group>";
		};
		E5F699AB1CCE098A00FBEAB1 /* Products */ = {
			isa = PBXGroup;
			children = (
				E5F699AA1CCE098A00FBEAB1 /* PetPet.app */,
				E5F699BE1CCE098A00FBEAB1 /* PetPetTests.xctest */,
				E5F699C91CCE098A00FBEAB1 /* PetPetUITests.xctest */,
			);
			name = Products;
			sourceTree = "<group>";
		};
		E5F699AC1CCE098A00FBEAB1 /* PetPet */ = {
			isa = PBXGroup;
			children = (
				E5F699AD1CCE098A00FBEAB1 /* AppDelegate.swift */,
				E5F699AF1CCE098A00FBEAB1 /* ViewController.swift */,
				E5F699B11CCE098A00FBEAB1 /* Main.storyboard */,
				E5F699B41CCE098A00FBEAB1 /* Assets.xcassets */,
				E5F699B61CCE098A00FBEAB1 /* LaunchScreen.storyboard */,
				E5F699B91CCE098A00FBEAB1 /* Info.plist */,
			);
			path = PetPet;
			sourceTree = "<group>";
		};
		E5F699C11CCE098A00FBEAB1 /* PetPetTests */ = {
			isa = PBXGroup;
			children = (
				E5F699C21CCE098A00FBEAB1 /* PetPetTests.swift */,
				E5F699C41CCE098A00FBEAB1 /* Info.plist */,
			);
			path = PetPetTests;
			sourceTree = "<group>";
		};
		E5F699CC1CCE098A00FBEAB1 /* PetPetUITests */ = {
			isa = PBXGroup;
			children = (
				E5F699CD1CCE098A00FBEAB1 /* PetPetUITests.swift */,
				E5F699CF1CCE098A00FBEAB1 /* Info.plist */,
			);
			path = PetPetUITests;
			sourceTree = "<group>";
		};
/* End PBXGroup section */

/* Begin PBXNativeTarget section */
		E5F699A91CCE098A00FBEAB1 /* PetPet */ = {
			isa = PBXNativeTarget;
			buildConfigurationList = E5F699D21CCE098A00FBEAB1 /* Build configuration list for PBXNativeTarget "PetPet" */;
			buildPhases = (
				E5F699A61CCE098A00FBEAB1 /* Sources */,
				E5F699A71CCE098A00FBEAB1 /* Frameworks */,
				E5F699A81CCE098A00FBEAB1 /* Resources */,
			);
			buildRules = (
			);
			dependencies = (
			);
			name = PetPet;
			productName = PetPet;
			productReference = E5F699AA1CCE098A00FBEAB1 /* PetPet.app */;
			productType = "com.apple.product-type.application";
		};
		E5F699BD1CCE098A00FBEAB1 /* PetPetTests */ = {
			isa = PBXNativeTarget;
			buildConfigurationList = E5F699D51CCE098A00FBEAB1 /* Build configuration list for PBXNativeTarget "PetPetTests" */;
			buildPhases = (
				E5F699BA1CCE098A00FBEAB1 /* Sources */,
				E5F699BB1CCE098A00FBEAB1 /* Frameworks */,
				E5F699BC1CCE098A00FBEAB1 /* Resources */,
			);
			buildRules = (
			);
			dependencies = (
				E5F699C01CCE098A00FBEAB1 /* PBXTargetDependency */,
			);
			name = PetPetTests;
			productName = PetPetTests;
			productReference = E5F699BE1CCE098A00FBEAB1 /* PetPetTests.xctest */;
			productType = "com.apple.product-type.bundle.unit-test";
		};
		E5F699C81CCE098A00FBEAB1 /* PetPetUITests */ = {
			isa = PBXNativeTarget;
			buildConfigurationList = E5F699D81CCE098A00FBEAB1 /* Build configuration list for PBXNativeTarget "PetPetUITests" */;
			buildPhases = (
				E5F699C51CCE098A00FBEAB1 /* Sources */,
				E5F699C61CCE098A00FBEAB1 /* Frameworks */,
				E5F699C71CCE098A00FBEAB1 /* Resources */,
			);
			buildRules = (
			);
			dependencies = (
				E5F699CB1CCE098A00FBEAB1 /* PBXTargetDependency */,
			);
			name = PetPetUITests;
			productName = PetPetUITests;
			productReference = E5F699C91CCE098A00FBEAB1 /* PetPetUITests.xctest */;
			productType = "com.apple.product-type.bundle.ui-testing";
		};
/* End PBXNativeTarget section */

/* Begin PBXProject section */
		E5F699A21CCE098A00FBEAB1 /* Project object */ = {
			isa = PBXProject;
			attributes = {
				LastSwiftUpdateCheck = 0730;
				LastUpgradeCheck = 0730;
				ORGANIZATIONNAME = "孙志伟";
				TargetAttributes = {
					E5F699A91CCE098A00FBEAB1 = {
						CreatedOnToolsVersion = 7.3;
					};
					E5F699BD1CCE098A00FBEAB1 = {
						CreatedOnToolsVersion = 7.3;
						TestTargetID = E5F699A91CCE098A00FBEAB1;
					};
					E5F699C81CCE098A00FBEAB1 = {
						CreatedOnToolsVersion = 7.3;
						TestTargetID = E5F699A91CCE098A00FBEAB1;
					};
				};
			};
			buildConfigurationList = E5F699A51CCE098A00FBEAB1 /* Build configuration list for PBXProject "PetPet" */;
			compatibilityVersion = "Xcode 3.2";
			developmentRegion = English;
			hasScannedForEncodings = 0;
			knownRegions = (
				en,
				Base,
			);
			mainGroup = E5F699A11CCE098A00FBEAB1;
			productRefGroup = E5F699AB1CCE098A00FBEAB1 /* Products */;
			projectDirPath = "";
			projectRoot = "";
			targets = (
				E5F699A91CCE098A00FBEAB1 /* PetPet */,
				E5F699BD1CCE098A00FBEAB1 /* PetPetTests */,
				E5F699C81CCE098A00FBEAB1 /* PetPetUITests */,
			);
		};
/* End PBXProject section */

/* Begin PBXResourcesBuildPhase section */
		E5F699A81CCE098A00FBEAB1 /* Resources */ = {
			isa = PBXResourcesBuildPhase;
			buildActionMask = 2147483647;
			files = (
				E5F699B81CCE098A00FBEAB1 /* LaunchScreen.storyboard in Resources */,
				E5F699B51CCE098A00FBEAB1 /* Assets.xcassets in Resources */,
				E5F699B31CCE098A00FBEAB1 /* Main.storyboard in Resources */,
			);
			runOnlyForDeploymentPostprocessing = 0;
		};
		E5F699BC1CCE098A00FBEAB1 /* Resources */ = {
			isa = PBXResourcesBuildPhase;
			buildActionMask = 2147483647;
			files = (
			);
			runOnlyForDeploymentPostprocessing = 0;
		};
		E5F699C71CCE098A00FBEAB1 /* Resources */ = {
			isa = PBXResourcesBuildPhase;
			buildActionMask = 2147483647;
			files = (
			);
			runOnlyForDeploymentPostprocessing = 0;
		};
/* End PBXResourcesBuildPhase section */

/* Begin PBXSourcesBuildPhase section */
		E5F699A61CCE098A00FBEAB1 /* Sources */ = {
			isa = PBXSourcesBuildPhase;
			buildActionMask = 2147483647;
			files = (
				E5F699B01CCE098A00FBEAB1 /* ViewController.swift in Sources */,
				E5F699AE1CCE098A00FBEAB1 /* AppDelegate.swift in Sources */,
			);
			runOnlyForDeploymentPostprocessing = 0;
		};
		E5F699BA1CCE098A00FBEAB1 /* Sources */ = {
			isa = PBXSourcesBuildPhase;
			buildActionMask = 2147483647;
			files = (
				E5F699C31CCE098A00FBEAB1 /* PetPetTests.swift in Sources */,
			);
			runOnlyForDeploymentPostprocessing = 0;
		};
		E5F699C51CCE098A00FBEAB1 /* Sources */ = {
			isa = PBXSourcesBuildPhase;
			buildActionMask = 2147483647;
			files = (
				E5F699CE1CCE098A00FBEAB1 /* PetPetUITests.swift in Sources */,
			);
			runOnlyForDeploymentPostprocessing = 0;
		};
/* End PBXSourcesBuildPhase section */

/* Begin PBXTargetDependency section */
		E5F699C01CCE098A00FBEAB1 /* PBXTargetDependency */ = {
			isa = PBXTargetDependency;
			target = E5F699A91CCE098A00FBEAB1 /* PetPet */;
			targetProxy = E5F699BF1CCE098A00FBEAB1 /* PBXContainerItemProxy */;
		};
		E5F699CB1CCE098A00FBEAB1 /* PBXTargetDependency */ = {
			isa = PBXTargetDependency;
			target = E5F699A91CCE098A00FBEAB1 /* PetPet */;
			targetProxy = E5F699CA1CCE098A00FBEAB1 /* PBXContainerItemProxy */;
		};
/* End PBXTargetDependency section */

/* Begin PBXVariantGroup section */
		E5F699B11CCE098A00FBEAB1 /* Main.storyboard */ = {
			isa = PBXVariantGroup;
			children = (
				E5F699B21CCE098A00FBEAB1 /* Base */,
			);
			name = Main.storyboard;
			sourceTree = "<group>";
		};
		E5F699B61CCE098A00FBEAB1 /* LaunchScreen.storyboard */ = {
			isa = PBXVariantGroup;
			children = (
				E5F699B71CCE098A00FBEAB1 /* Base */,
			);
			name = LaunchScreen.storyboard;
			sourceTree = "<group>";
		};
/* End PBXVariantGroup section */

/* Begin XCBuildConfiguration section */
		E5F699D01CCE098A00FBEAB1 /* Debug */ = {
			isa = XCBuildConfiguration;
			buildSettings = {
				ALWAYS_SEARCH_USER_PATHS = NO;
				CLANG_ANALYZER_NONNULL = YES;
				CLANG_CXX_LANGUAGE_STANDARD = "gnu++0x";
				CLANG_CXX_LIBRARY = "libc++";
				CLANG_ENABLE_MODULES = YES;
				CLANG_ENABLE_OBJC_ARC = YES;
				CLANG_WARN_BOOL_CONVERSION = YES;
				CLANG_WARN_CONSTANT_CONVERSION = YES;
				CLANG_WARN_DIRECT_OBJC_ISA_USAGE = YES_ERROR;
				CLANG_WARN_EMPTY_BODY = YES;
				CLANG_WARN_ENUM_CONVERSION = YES;
				CLANG_WARN_INT_CONVERSION = YES;
				CLANG_WARN_OBJC_ROOT_CLASS = YES_ERROR;
				CLANG_WARN_UNREACHABLE_CODE = YES;
				CLANG_WARN__DUPLICATE_METHOD_MATCH = YES;
				"CODE_SIGN_IDENTITY[sdk=iphoneos*]" = "iPhone Developer";
				COPY_PHASE_STRIP = NO;
				DEBUG_INFORMATION_FORMAT = dwarf;
				ENABLE_STRICT_OBJC_MSGSEND = YES;
				ENABLE_TESTABILITY = YES;
				GCC_C_LANGUAGE_STANDARD = gnu99;
				GCC_DYNAMIC_NO_PIC = NO;
				GCC_NO_COMMON_BLOCKS = YES;
				GCC_OPTIMIZATION_LEVEL = 0;
				GCC_PREPROCESSOR_DEFINITIONS = (
					"DEBUG=1",
					"$(inherited)",
				);
				GCC_WARN_64_TO_32_BIT_CONVERSION = YES;
				GCC_WARN_ABOUT_RETURN_TYPE = YES_ERROR;
				GCC_WARN_UNDECLARED_SELECTOR = YES;
				GCC_WARN_UNINITIALIZED_AUTOS = YES_AGGRESSIVE;
				GCC_WARN_UNUSED_FUNCTION = YES;
				GCC_WARN_UNUSED_VARIABLE = YES;
				IPHONEOS_DEPLOYMENT_TARGET = 9.3;
				MTL_ENABLE_DEBUG_INFO = YES;
				ONLY_ACTIVE_ARCH = YES;
				SDKROOT = iphoneos;
				SWIFT_OPTIMIZATION_LEVEL = "-Onone";
				TARGETED_DEVICE_FAMILY = "1,2";
			};
			name = Debug;
		};
		E5F699D11CCE098A00FBEAB1 /* Release */ = {
			isa = XCBuildConfiguration;
			buildSettings = {
				ALWAYS_SEARCH_USER_PATHS = NO;
				CLANG_ANALYZER_NONNULL = YES;
				CLANG_CXX_LANGUAGE_STANDARD = "gnu++0x";
				CLANG_CXX_LIBRARY = "libc++";
				CLANG_ENABLE_MODULES = YES;
				CLANG_ENABLE_OBJC_ARC = YES;
				CLANG_WARN_BOOL_CONVERSION = YES;
				CLANG_WARN_CONSTANT_CONVERSION = YES;
				CLANG_WARN_DIRECT_OBJC_ISA_USAGE = YES_ERROR;
				CLANG_WARN_EMPTY_BODY = YES;
				CLANG_WARN_ENUM_CONVERSION = YES;
				CLANG_WARN_INT_CONVERSION = YES;
				CLANG_WARN_OBJC_ROOT_CLASS = YES_ERROR;
				CLANG_WARN_UNREACHABLE_CODE = YES;
				CLANG_WARN__DUPLICATE_METHOD_MATCH = YES;
				"CODE_SIGN_IDENTITY[sdk=iphoneos*]" = "iPhone Developer";
				COPY_PHASE_STRIP = NO;
				DEBUG_INFORMATION_FORMAT = "dwarf-with-dsym";
				ENABLE_NS_ASSERTIONS = NO;
				ENABLE_STRICT_OBJC_MSGSEND = YES;
				GCC_C_LANGUAGE_STANDARD = gnu99;
				GCC_NO_COMMON_BLOCKS = YES;
				GCC_WARN_64_TO_32_BIT_CONVERSION = YES;
				GCC_WARN_ABOUT_RETURN_TYPE = YES_ERROR;
				GCC_WARN_UNDECLARED_SELECTOR = YES;
				GCC_WARN_UNINITIALIZED_AUTOS = YES_AGGRESSIVE;
				GCC_WARN_UNUSED_FUNCTION = YES;
				GCC_WARN_UNUSED_VARIABLE = YES;
				IPHONEOS_DEPLOYMENT_TARGET = 9.3;
				MTL_ENABLE_DEBUG_INFO = NO;
				SDKROOT = iphoneos;
				TARGETED_DEVICE_FAMILY = "1,2";
				VALIDATE_PRODUCT = YES;
			};
			name = Release;
		};
		E5F699D31CCE098A00FBEAB1 /* Debug */ = {
			isa = XCBuildConfiguration;
			buildSettings = {
				ASSETCATALOG_COMPILER_APPICON_NAME = AppIcon;
				INFOPLIST_FILE = PetPet/Info.plist;
				LD_RUNPATH_SEARCH_PATHS = "$(inherited) @executable_path/Frameworks";
				PRODUCT_BUNDLE_IDENTIFIER = com.szw.PetPet;
				PRODUCT_NAME = "$(TARGET_NAME)";
			};
			name = Debug;
		};
		E5F699D41CCE098A00FBEAB1 /* Release */ = {
			isa = XCBuildConfiguration;
			buildSettings = {
				ASSETCATALOG_COMPILER_APPICON_NAME = AppIcon;
				INFOPLIST_FILE = PetPet/Info.plist;
				LD_RUNPATH_SEARCH_PATHS = "$(inherited) @executable_path/Frameworks";
				PRODUCT_BUNDLE_IDENTIFIER = com.szw.PetPet;
				PRODUCT_NAME = "$(TARGET_NAME)";
			};
			name = Release;
		};
		E5F699D61CCE098A00FBEAB1 /* Debug */ = {
			isa = XCBuildConfiguration;
			buildSettings = {
				BUNDLE_LOADER = "$(TEST_HOST)";
				INFOPLIST_FILE = PetPetTests/Info.plist;
				LD_RUNPATH_SEARCH_PATHS = "$(inherited) @executable_path/Frameworks @loader_path/Frameworks";
				PRODUCT_BUNDLE_IDENTIFIER = com.szw.PetPetTests;
				PRODUCT_NAME = "$(TARGET_NAME)";
				TEST_HOST = "$(BUILT_PRODUCTS_DIR)/PetPet.app/PetPet";
			};
			name = Debug;
		};
		E5F699D71CCE098A00FBEAB1 /* Release */ = {
			isa = XCBuildConfiguration;
			buildSettings = {
				BUNDLE_LOADER = "$(TEST_HOST)";
				INFOPLIST_FILE = PetPetTests/Info.plist;
				LD_RUNPATH_SEARCH_PATHS = "$(inherited) @executable_path/Frameworks @loader_path/Frameworks";
				PRODUCT_BUNDLE_IDENTIFIER = com.szw.PetPetTests;
				PRODUCT_NAME = "$(TARGET_NAME)";
				TEST_HOST = "$(BUILT_PRODUCTS_DIR)/PetPet.app/PetPet";
			};
			name = Release;
		};
		E5F699D91CCE098A00FBEAB1 /* Debug */ = {
			isa = XCBuildConfiguration;
			buildSettings = {
				INFOPLIST_FILE = PetPetUITests/Info.plist;
				LD_RUNPATH_SEARCH_PATHS = "$(inherited) @executable_path/Frameworks @loader_path/Frameworks";
				PRODUCT_BUNDLE_IDENTIFIER = com.szw.PetPetUITests;
				PRODUCT_NAME = "$(TARGET_NAME)";
				TEST_TARGET_NAME = PetPet;
			};
			name = Debug;
		};
		E5F699DA1CCE098A00FBEAB1 /* Release */ = {
			isa = XCBuildConfiguration;
			buildSettings = {
				INFOPLIST_FILE = PetPetUITests/Info.plist;
				LD_RUNPATH_SEARCH_PATHS = "$(inherited) @executable_path/Frameworks @loader_path/Frameworks";
				PRODUCT_BUNDLE_IDENTIFIER = com.szw.PetPetUITests;
				PRODUCT_NAME = "$(TARGET_NAME)";
				TEST_TARGET_NAME = PetPet;
			};
			name = Release;
		};
/* End XCBuildConfiguration section */

/* Begin XCConfigurationList section */
		E5F699A51CCE098A00FBEAB1 /* Build configuration list for PBXProject "PetPet" */ = {
			isa = XCConfigurationList;
			buildConfigurations = (
				E5F699D01CCE098A00FBEAB1 /* Debug */,
				E5F699D11CCE098A00FBEAB1 /* Release */,
			);
			defaultConfigurationIsVisible = 0;
			defaultConfigurationName = Release;
		};
		E5F699D21CCE098A00FBEAB1 /* Build configuration list for PBXNativeTarget "PetPet" */ = {
			isa = XCConfigurationList;
			buildConfigurations = (
				E5F699D31CCE098A00FBEAB1 /* Debug */,
				E5F699D41CCE098A00FBEAB1 /* Release */,
			);
			defaultConfigurationIsVisible = 0;
		};
		E5F699D51CCE098A00FBEAB1 /* Build configuration list for PBXNativeTarget "PetPetTests" */ = {
			isa = XCConfigurationList;
			buildConfigurations = (
				E5F699D61CCE098A00FBEAB1 /* Debug */,
				E5F699D71CCE098A00FBEAB1 /* Release */,
			);
			defaultConfigurationIsVisible = 0;
		};
		E5F699D81CCE098A00FBEAB1 /* Build configuration list for PBXNativeTarget "PetPetUITests" */ = {
			isa = XCConfigurationList;
			buildConfigurations = (
				E5F699D91CCE098A00FBEAB1 /* Debug */,
				E5F699DA1CCE098A00FBEAB1 /* Release */,
			);
			defaultConfigurationIsVisible = 0;
		};
/* End XCConfigurationList section */
	};
	rootObject = E5F699A21CCE098A00FBEAB1 /* Project object */;
}
